
Microsoft Visual Studio Solution File, Format Version 12.00
# Visual Studio Version 17
VisualStudioVersion = 17.0.31903.59
MinimumVisualStudioVersion = 10.0.40219.1
Project("{FAE04EC0-301F-11D3-BF4B-00C04F79EFBC}") = "HollowKnightTAS.Core", "src\HollowKnightTAS.Core\HollowKnightTAS.Core.csproj", "{25E07605-64D1-4DB2-A26D-4E5188725379}"
EndProject
Project("{FAE04EC0-301F-11D3-BF4B-00C04F79EFBC}") = "HollowKnightTAS.Runtime", "src\HollowKnightTAS.Runtime\HollowKnightTAS.Runtime.csproj", "{C9F96F3C-7B23-4CF0-B4C3-CF2A1F7700D2}"
EndProject
Project("{FAE04EC0-301F-11D3-BF4B-00C04F79EFBC}") = "HollowKnightTAS.Cli", "src\HollowKnightTAS.Cli\HollowKnightTAS.Cli.csproj", "{A8F75313-09A5-4731-85A5-585119D9032E}"
EndProject
Project("{FAE04EC0-301F-11D3-BF4B-00C04F79EFBC}") = "HollowKnightTAS.Core.Tests", "tests\HollowKnightTAS.Core.Tests\HollowKnightTAS.Core.Tests.csproj", "{6F2F5DD3-2DC6-4D91-9EBB-11C85727414D}"
EndProject
Project("{FAE04EC0-301F-11D3-BF4B-00C04F79EFBC}") = "HollowKnightTAS.Companion", "src\HollowKnightTAS.Companion\HollowKnightTAS.Companion.csproj", "{B1A17C73-A9D6-46F5-9A3D-76E5D57C3B63}"
EndProject
Project("{FAE04EC0-301F-11D3-BF4B-00C04F79EFBC}") = "HollowKnightTAS.BundleTool", "src\HollowKnightTAS.BundleTool\HollowKnightTAS.BundleTool.csproj", "{63BB292A-69A8-4C4F-885C-505A39199263}"
EndProject
Project("{FAE04EC0-301F-11D3-BF4B-00C04F79EFBC}") = "HollowKnightTAS.Companion.Tests", "tests\HollowKnightTAS.Companion.Tests\HollowKnightTAS.Companion.Tests.csproj", "{E1896169-BCCB-4ACD-860E-74FC69F7D6A4}"
EndProject
Project("{FAE04EC0-301F-11D3-BF4B-00C04F79EFBC}") = "HollowKnightTAS.NativeHost", "src\HollowKnightTAS.NativeHost\HollowKnightTAS.NativeHost.csproj", "{A4F2B168-5B36-4D3A-80E9-D74085006A9D}"
EndProject
Project("{FAE04EC0-301F-11D3-BF4B-00C04F79EFBC}") = "HollowKnightTAS.GameObservation", "src\HollowKnightTAS.GameObservation\HollowKnightTAS.GameObservation.csproj", "{7D226EFE-C30D-4A08-94AF-24D873428A31}"
EndProject
Project("{FAE04EC0-301F-11D3-BF4B-00C04F79EFBC}") = "HollowKnightTAS.ReferenceObserver", "src\HollowKnightTAS.ReferenceObserver\HollowKnightTAS.ReferenceObserver.csproj", "{6C6A46E4-EAAA-4D6E-AD28-5E9EE6BD8C1B}"
EndProject
Project("{FAE04EC0-301F-11D3-BF4B-00C04F79EFBC}") = "HollowKnightTAS.ClockPayload", "src\HollowKnightTAS.ClockPayload\HollowKnightTAS.ClockPayload.csproj", "{4B6C738D-955A-4A28-BCE7-282CC915C9D3}"
EndProject
Project("{FAE04EC0-301F-11D3-BF4B-00C04F79EFBC}") = "HollowKnightTAS.ClockInjector", "src\HollowKnightTAS.ClockInjector\HollowKnightTAS.ClockInjector.csproj", "{2D0BB508-37C9-41D0-831E-90F730EB111B}"
EndProject
Project("{2150E333-8FDC-42A3-9474-1A3956D46DE8}") = "src", "src", "{827E0CD3-B72D-47B6-A68D-7590B98EB39B}"
EndProject
Project("{FAE04EC0-301F-11D3-BF4B-00C04F79EFBC}") = "HollowKnightTAS.Automation.Client", "src\HollowKnightTAS.Automation.Client\HollowKnightTAS.Automation.Client.csproj", "{E8CDC656-3837-4DCF-9604-47232D8DAB44}"
EndProject
Project("{FAE04EC0-301F-11D3-BF4B-00C04F79EFBC}") = "HollowKnightTAS.AgentBridge", "src\HollowKnightTAS.AgentBridge\HollowKnightTAS.AgentBridge.csproj", "{58C2C9C4-2780-484E-BCE2-3CBD464DE463}"
EndProject
Project("{2150E333-8FDC-42A3-9474-1A3956D46DE8}") = "tests", "tests", "{0AB3BF05-4346-4AA6-1389-037BE0695223}"
EndProject
Project("{FAE04EC0-301F-11D3-BF4B-00C04F79EFBC}") = "HollowKnightTAS.AgentBridge.Tests", "tests\HollowKnightTAS.AgentBridge.Tests\HollowKnightTAS.AgentBridge.Tests.csproj", "{22044C46-32BA-4935-819E-5B61D709111A}"
EndProject
Global
	GlobalSection(SolutionConfigurationPlatforms) = preSolution
		Debug|Any CPU = Debug|Any CPU
		Debug|x64 = Debug|x64
		Debug|x86 = Debug|x86
		Release|Any CPU = Release|Any CPU
		Release|x64 = Release|x64
		Release|x86 = Release|x86
	EndGlobalSection
	GlobalSection(ProjectConfigurationPlatforms) = postSolution
		{25E07605-64D1-4DB2-A26D-4E5188725379}.Debug|Any CPU.ActiveCfg = Debug|Any CPU
		{25E07605-64D1-4DB2-A26D-4E5188725379}.Debug|Any CPU.Build.0 = Debug|Any CPU
		{25E07605-64D1-4DB2-A26D-4E5188725379}.Debug|x64.ActiveCfg = Debug|Any CPU
		{25E07605-64D1-4DB2-A26D-4E5188725379}.Debug|x64.Build.0 = Debug|Any CPU
		{25E07605-64D1-4DB2-A26D-4E5188725379}.Debug|x86.ActiveCfg = Debug|Any CPU
		{25E07605-64D1-4DB2-A26D-4E5188725379}.Debug|x86.Build.0 = Debug|Any CPU
		{25E07605-64D1-4DB2-A26D-4E5188725379}.Release|Any CPU.ActiveCfg = Release|Any CPU
		{25E07605-64D1-4DB2-A26D-4E5188725379}.Release|Any CPU.Build.0 = Release|Any CPU
		{25E07605-64D1-4DB2-A26D-4E5188725379}.Release|x64.ActiveCfg = Release|Any CPU
		{25E07605-64D1-4DB2-A26D-4E5188725379}.Release|x64.Build.0 = Release|Any CPU
		{25E07605-64D1-4DB2-A26D-4E5188725379}.Release|x86.ActiveCfg = Release|Any CPU
		{25E07605-64D1-4DB2-A26D-4E5188725379}.Release|x86.Build.0 = Release|Any CPU
		{C9F96F3C-7B23-4CF0-B4C3-CF2A1F7700D2}.Debug|Any CPU.ActiveCfg = Debug|Any CPU
		{C9F96F3C-7B23-4CF0-B4C3-CF2A1F7700D2}.Debug|Any CPU.Build.0 = Debug|Any CPU
		{C9F96F3C-7B23-4CF0-B4C3-CF2A1F7700D2}.Debug|x64.ActiveCfg = Debug|Any CPU
		{C9F96F3C-7B23-4CF0-B4C3-CF2A1F7700D2}.Debug|x64.Build.0 = Debug|Any CPU
		{C9F96F3C-7B23-4CF0-B4C3-CF2A1F7700D2}.Debug|x86.ActiveCfg = Debug|Any CPU
		{C9F96F3C-7B23-4CF0-B4C3-CF2A1F7700D2}.Debug|x86.Build.0 = Debug|Any CPU
		{C9F96F3C-7B23-4CF0-B4C3-CF2A1F7700D2}.Release|Any CPU.ActiveCfg = Release|Any CPU
		{C9F96F3C-7B23-4CF0-B4C3-CF2A1F7700D2}.Release|Any CPU.Build.0 = Release|Any CPU
		{C9F96F3C-7B23-4CF0-B4C3-CF2A1F7700D2}.Release|x64.ActiveCfg = Release|Any CPU
		{C9F96F3C-7B23-4CF0-B4C3-CF2A1F7700D2}.Release|x64.Build.0 = Release|Any CPU
		{C9F96F3C-7B23-4CF0-B4C3-CF2A1F7700D2}.Release|x86.ActiveCfg = Release|Any CPU
		{C9F96F3C-7B23-4CF0-B4C3-CF2A1F7700D2}.Release|x86.Build.0 = Release|Any CPU
		{A8F75313-09A5-4731-85A5-585119D9032E}.Debug|Any CPU.ActiveCfg = Debug|Any CPU
		{A8F75313-09A5-4731-85A5-585119D9032E}.Debug|Any CPU.Build.0 = Debug|Any CPU
		{A8F75313-09A5-4731-85A5-585119D9032E}.Debug|x64.ActiveCfg = Debug|Any CPU
		{A8F75313-09A5-4731-85A5-585119D9032E}.Debug|x64.Build.0 = Debug|Any CPU
		{A8F75313-09A5-4731-85A5-585119D9032E}.Debug|x86.ActiveCfg = Debug|Any CPU
		{A8F75313-09A5-4731-85A5-585119D9032E}.Debug|x86.Build.0 = Debug|Any CPU
		{A8F75313-09A5-4731-85A5-585119D9032E}.Release|Any CPU.ActiveCfg = Release|Any CPU
		{A8F75313-09A5-4731-85A5-585119D9032E}.Release|Any CPU.Build.0 = Release|Any CPU
		{A8F75313-09A5-4731-85A5-585119D9032E}.Release|x64.ActiveCfg = Release|Any CPU
		{A8F75313-09A5-4731-85A5-585119D9032E}.Release|x64.Build.0 = Release|Any CPU
		{A8F75313-09A5-4731-85A5-585119D9032E}.Release|x86.ActiveCfg = Release|Any CPU
		{A8F75313-09A5-4731-85A5-585119D9032E}.Release|x86.Build.0 = Release|Any CPU
		{6F2F5DD3-2DC6-4D91-9EBB-11C85727414D}.Debug|Any CPU.ActiveCfg = Debug|Any CPU
		{6F2F5DD3-2DC6-4D91-9EBB-11C85727414D}.Debug|Any CPU.Build.0 = Debug|Any CPU
		{6F2F5DD3-2DC6-4D91-9EBB-11C85727414D}.Debug|x64.ActiveCfg = Debug|Any CPU
		{6F2F5DD3-2DC6-4D91-9EBB-11C85727414D}.Debug|x64.Build.0 = Debug|Any CPU
		{6F2F5DD3-2DC6-4D91-9EBB-11C85727414D}.Debug|x86.ActiveCfg = Debug|Any CPU
		{6F2F5DD3-2DC6-4D91-9EBB-11C85727414D}.Debug|x86.Build.0 = Debug|Any CPU
		{6F2F5DD3-2DC6-4D91-9EBB-11C85727414D}.Release|Any CPU.ActiveCfg = Release|Any CPU
		{6F2F5DD3-2DC6-4D91-9EBB-11C85727414D}.Release|Any CPU.Build.0 = Release|Any CPU
		{6F2F5DD3-2DC6-4D91-9EBB-11C85727414D}.Release|x64.ActiveCfg = Release|Any CPU
		{6F2F5DD3-2DC6-4D91-9EBB-11C85727414D}.Release|x64.Build.0 = Release|Any CPU
		{6F2F5DD3-2DC6-4D91-9EBB-11C85727414D}.Release|x86.ActiveCfg = Release|Any CPU
		{6F2F5DD3-2DC6-4D91-9EBB-11C85727414D}.Release|x86.Build.0 = Release|Any CPU
		{B1A17C73-A9D6-46F5-9A3D-76E5D57C3B63}.Debug|Any CPU.ActiveCfg = Debug|Any CPU
		{B1A17C73-A9D6-46F5-9A3D-76E5D57C3B63}.Debug|Any CPU.Build.0 = Debug|Any CPU
		{B1A17C73-A9D6-46F5-9A3D-76E5D57C3B63}.Debug|x64.ActiveCfg = Debug|Any CPU
		{B1A17C73-A9D6-46F5-9A3D-76E5D57C3B63}.Debug|x64.Build.0 = Debug|Any CPU
		{B1A17C73-A9D6-46F5-9A3D-76E5D57C3B63}.Debug|x86.ActiveCfg = Debug|Any CPU
		{B1A17C73-A9D6-46F5-9A3D-76E5D57C3B63}.Debug|x86.Build.0 = Debug|Any CPU
		{B1A17C73-A9D6-46F5-9A3D-76E5D57C3B63}.Release|Any CPU.ActiveCfg = Release|Any CPU
		{B1A17C73-A9D6-46F5-9A3D-76E5D57C3B63}.Release|Any CPU.Build.0 = Release|Any CPU
		{B1A17C73-A9D6-46F5-9A3D-76E5D57C3B63}.Release|x64.ActiveCfg = Release|Any CPU
		{B1A17C73-A9D6-46F5-9A3D-76E5D57C3B63}.Release|x64.Build.0 = Release|Any CPU
		{B1A17C73-A9D6-46F5-9A3D-76E5D57C3B63}.Release|x86.ActiveCfg = Release|Any CPU
		{B1A17C73-A9D6-46F5-9A3D-76E5D57C3B63}.Release|x86.Build.0 = Release|Any CPU
		{63BB292A-69A8-4C4F-885C-505A39199263}.Debug|Any CPU.ActiveCfg = Debug|Any CPU
		{63BB292A-69A8-4C4F-885C-505A39199263}.Debug|Any CPU.Build.0 = Debug|Any CPU
		{63BB292A-69A8-4C4F-885C-505A39199263}.Debug|x64.ActiveCfg = Debug|Any CPU
		{63BB292A-69A8-4C4F-885C-505A39199263}.Debug|x64.Build.0 = Debug|Any CPU
		{63BB292A-69A8-4C4F-885C-505A39199263}.Debug|x86.ActiveCfg = Debug|Any CPU
		{63BB292A-69A8-4C4F-885C-505A39199263}.Debug|x86.Build.0 = Debug|Any CPU
		{63BB292A-69A8-4C4F-885C-505A39199263}.Release|Any CPU.ActiveCfg = Release|Any CPU
		{63BB292A-69A8-4C4F-885C-505A39199263}.Release|Any CPU.Build.0 = Release|Any CPU
		{63BB292A-69A8-4C4F-885C-505A39199263}.Release|x64.ActiveCfg = Release|Any CPU
		{63BB292A-69A8-4C4F-885C-505A39199263}.Release|x64.Build.0 = Release|Any CPU
		{63BB292A-69A8-4C4F-885C-505A39199263}.Release|x86.ActiveCfg = Release|Any CPU
		{63BB292A-69A8-4C4F-885C-505A39199263}.Release|x86.Build.0 = Release|Any CPU
		{E1896169-BCCB-4ACD-860E-74FC69F7D6A4}.Debug|Any CPU.ActiveCfg = Debug|Any CPU
		{E1896169-BCCB-4ACD-860E-74FC69F7D6A4}.Debug|Any CPU.Build.0 = Debug|Any CPU
		{E1896169-BCCB-4ACD-860E-74FC69F7D6A4}.Debug|x64.ActiveCfg = Debug|Any CPU
		{E1896169-BCCB-4ACD-860E-74FC69F7D6A4}.Debug|x64.Build.0 = Debug|Any CPU
		{E1896169-BCCB-4ACD-860E-74FC69F7D6A4}.Debug|x86.ActiveCfg = Debug|Any CPU
		{E1896169-BCCB-4ACD-860E-74FC69F7D6A4}.Debug|x86.Build.0 = Debug|Any CPU
		{E1896169-BCCB-4ACD-860E-74FC69F7D6A4}.Release|Any CPU.ActiveCfg = Release|Any CPU
		{E1896169-BCCB-4ACD-860E-74FC69F7D6A4}.Release|Any CPU.Build.0 = Release|Any CPU
		{E1896169-BCCB-4ACD-860E-74FC69F7D6A4}.Release|x64.ActiveCfg = Release|Any CPU
		{E1896169-BCCB-4ACD-860E-74FC69F7D6A4}.Release|x64.Build.0 = Release|Any CPU
		{E1896169-BCCB-4ACD-860E-74FC69F7D6A4}.Release|x86.ActiveCfg = Release|Any CPU
		{E1896169-BCCB-4ACD-860E-74FC69F7D6A4}.Release|x86.Build.0 = Release|Any CPU
		{A4F2B168-5B36-4D3A-80E9-D74085006A9D}.Debug|Any CPU.ActiveCfg = Debug|Any CPU
		{A4F2B168-5B36-4D3A-80E9-D74085006A9D}.Debug|Any CPU.Build.0 = Debug|Any CPU
		{A4F2B168-5B36-4D3A-80E9-D74085006A9D}.Debug|x64.ActiveCfg = Debug|Any CPU
		{A4F2B168-5B36-4D3A-80E9-D74085006A9D}.Debug|x64.Build.0 = Debug|Any CPU
		{A4F2B168-5B36-4D3A-80E9-D74085006A9D}.Debug|x86.ActiveCfg = Debug|Any CPU
		{A4F2B168-5B36-4D3A-80E9-D74085006A9D}.Debug|x86.Build.0 = Debug|Any CPU
		{A4F2B168-5B36-4D3A-80E9-D74085006A9D}.Release|Any CPU.ActiveCfg = Release|Any CPU
		{A4F2B168-5B36-4D3A-80E9-D74085006A9D}.Release|Any CPU.Build.0 = Release|Any CPU
		{A4F2B168-5B36-4D3A-80E9-D74085006A9D}.Release|x64.ActiveCfg = Release|Any CPU
		{A4F2B168-5B36-4D3A-80E9-D74085006A9D}.Release|x64.Build.0 = Release|Any CPU
		{A4F2B168-5B36-4D3A-80E9-D74085006A9D}.Release|x86.ActiveCfg = Release|Any CPU
		{A4F2B168-5B36-4D3A-80E9-D74085006A9D}.Release|x86.Build.0 = Release|Any CPU
		{7D226EFE-C30D-4A08-94AF-24D873428A31}.Debug|Any CPU.ActiveCfg = Debug|Any CPU
		{7D226EFE-C30D-4A08-94AF-24D873428A31}.Debug|Any CPU.Build.0 = Debug|Any CPU
		{7D226EFE-C30D-4A08-94AF-24D873428A31}.Debug|x64.ActiveCfg = Debug|Any CPU
		{7D226EFE-C30D-4A08-94AF-24D873428A31}.Debug|x64.Build.0 = Debug|Any CPU
		{7D226EFE-C30D-4A08-94AF-24D873428A31}.Debug|x86.ActiveCfg = Debug|Any CPU
		{7D226EFE-C30D-4A08-94AF-24D873428A31}.Debug|x86.Build.0 = Debug|Any CPU
		{7D226EFE-C30D-4A08-94AF-24D873428A31}.Release|Any CPU.ActiveCfg = Release|Any CPU
		{7D226EFE-C30D-4A08-94AF-24D873428A31}.Release|Any CPU.Build.0 = Release|Any CPU
		{7D226EFE-C30D-4A08-94AF-24D873428A31}.Release|x64.ActiveCfg = Release|Any CPU
		{7D226EFE-C30D-4A08-94AF-24D873428A31}.Release|x64.Build.0 = Release|Any CPU
		{7D226EFE-C30D-4A08-94AF-24D873428A31}.Release|x86.ActiveCfg = Release|Any CPU
		{7D226EFE-C30D-4A08-94AF-24D873428A31}.Release|x86.Build.0 = Release|Any CPU
		{6C6A46E4-EAAA-4D6E-AD28-5E9EE6BD8C1B}.Debug|Any CPU.ActiveCfg = Debug|Any CPU
		{6C6A46E4-EAAA-4D6E-AD28-5E9EE6BD8C1B}.Debug|Any CPU.Build.0 = Debug|Any CPU
		{6C6A46E4-EAAA-4D6E-AD28-5E9EE6BD8C1B}.Debug|x64.ActiveCfg = Debug|Any CPU
		{6C6A46E4-EAAA-4D6E-AD28-5E9EE6BD8C1B}.Debug|x64.Build.0 = Debug|Any CPU
		{6C6A46E4-EAAA-4D6E-AD28-5E9EE6BD8C1B}.Debug|x86.ActiveCfg = Debug|Any CPU
		{6C6A46E4-EAAA-4D6E-AD28-5E9EE6BD8C1B}.Debug|x86.Build.0 = Debug|Any CPU
		{6C6A46E4-EAAA-4D6E-AD28-5E9EE6BD8C1B}.Release|Any CPU.ActiveCfg = Release|Any CPU
		{6C6A46E4-EAAA-4D6E-AD28-5E9EE6BD8C1B}.Release|Any CPU.Build.0 = Release|Any CPU
		{6C6A46E4-EAAA-4D6E-AD28-5E9EE6BD8C1B}.Release|x64.ActiveCfg = Release|Any CPU
		{6C6A46E4-EAAA-4D6E-AD28-5E9EE6BD8C1B}.Release|x64.Build.0 = Release|Any CPU
		{6C6A46E4-EAAA-4D6E-AD28-5E9EE6BD8C1B}.Release|x86.ActiveCfg = Release|Any CPU
		{6C6A46E4-EAAA-4D6E-AD28-5E9EE6BD8C1B}.Release|x86.Build.0 = Release|Any CPU
		{E8CDC656-3837-4DCF-9604-47232D8DAB44}.Debug|Any CPU.ActiveCfg = Debug|Any CPU
		{E8CDC656-3837-4DCF-9604-47232D8DAB44}.Debug|Any CPU.Build.0 = Debug|Any CPU
		{E8CDC656-3837-4DCF-9604-47232D8DAB44}.Debug|x64.ActiveCfg = Debug|Any CPU
		{E8CDC656-3837-4DCF-9604-47232D8DAB44}.Debug|x64.Build.0 = Debug|Any CPU
		{E8CDC656-3837-4DCF-9604-47232D8DAB44}.Debug|x86.ActiveCfg = Debug|Any CPU
		{E8CDC656-3837-4DCF-9604-47232D8DAB44}.Debug|x86.Build.0 = Debug|Any CPU
		{E8CDC656-3837-4DCF-9604-47232D8DAB44}.Release|Any CPU.ActiveCfg = Release|Any CPU
		{E8CDC656-3837-4DCF-9604-47232D8DAB44}.Release|Any CPU.Build.0 = Release|Any CPU
		{E8CDC656-3837-4DCF-9604-47232D8DAB44}.Release|x64.ActiveCfg = Release|Any CPU
		{E8CDC656-3837-4DCF-9604-47232D8DAB44}.Release|x64.Build.0 = Release|Any CPU
		{E8CDC656-3837-4DCF-9604-47232D8DAB44}.Release|x86.ActiveCfg = Release|Any CPU
		{E8CDC656-3837-4DCF-9604-47232D8DAB44}.Release|x86.Build.0 = Release|Any CPU
		{58C2C9C4-2780-484E-BCE2-3CBD464DE463}.Debug|Any CPU.ActiveCfg = Debug|Any CPU
		{58C2C9C4-2780-484E-BCE2-3CBD464DE463}.Debug|Any CPU.Build.0 = Debug|Any CPU
		{58C2C9C4-2780-484E-BCE2-3CBD464DE463}.Debug|x64.ActiveCfg = Debug|Any CPU
		{58C2C9C4-2780-484E-BCE2-3CBD464DE463}.Debug|x64.Build.0 = Debug|Any CPU
		{58C2C9C4-2780-484E-BCE2-3CBD464DE463}.Debug|x86.ActiveCfg = Debug|Any CPU
		{58C2C9C4-2780-484E-BCE2-3CBD464DE463}.Debug|x86.Build.0 = Debug|Any CPU
		{58C2C9C4-2780-484E-BCE2-3CBD464DE463}.Release|Any CPU.ActiveCfg = Release|Any CPU
		{58C2C9C4-2780-484E-BCE2-3CBD464DE463}.Release|Any CPU.Build.0 = Release|Any CPU
		{58C2C9C4-2780-484E-BCE2-3CBD464DE463}.Release|x64.ActiveCfg = Release|Any CPU
		{58C2C9C4-2780-484E-BCE2-3CBD464DE463}.Release|x64.Build.0 = Release|Any CPU
		{58C2C9C4-2780-484E-BCE2-3CBD464DE463}.Release|x86.ActiveCfg = Release|Any CPU
		{58C2C9C4-2780-484E-BCE2-3CBD464DE463}.Release|x86.Build.0 = Release|Any CPU
		{22044C46-32BA-4935-819E-5B61D709111A}.Debug|Any CPU.ActiveCfg = Debug|Any CPU
		{22044C46-32BA-4935-819E-5B61D709111A}.Debug|Any CPU.Build.0 = Debug|Any CPU
		{22044C46-32BA-4935-819E-5B61D709111A}.Debug|x64.ActiveCfg = Debug|Any CPU
		{22044C46-32BA-4935-819E-5B61D709111A}.Debug|x64.Build.0 = Debug|Any CPU
		{22044C46-32BA-4935-819E-5B61D709111A}.Debug|x86.ActiveCfg = Debug|Any CPU
		{22044C46-32BA-4935-819E-5B61D709111A}.Debug|x86.Build.0 = Debug|Any CPU
		{22044C46-32BA-4935-819E-5B61D709111A}.Release|Any CPU.ActiveCfg = Release|Any CPU
		{22044C46-32BA-4935-819E-5B61D709111A}.Release|Any CPU.Build.0 = Release|Any CPU
		{22044C46-32BA-4935-819E-5B61D709111A}.Release|x64.ActiveCfg = Release|Any CPU
		{22044C46-32BA-4935-819E-5B61D709111A}.Release|x64.Build.0 = Release|Any CPU
		{22044C46-32BA-4935-819E-5B61D709111A}.Release|x86.ActiveCfg = Release|Any CPU
		{22044C46-32BA-4935-819E-5B61D709111A}.Release|x86.Build.0 = Release|Any CPU
		{4B6C738D-955A-4A28-BCE7-282CC915C9D3}.Debug|Any CPU.ActiveCfg = Debug|Any CPU
		{4B6C738D-955A-4A28-BCE7-282CC915C9D3}.Debug|Any CPU.Build.0 = Debug|Any CPU
		{4B6C738D-955A-4A28-BCE7-282CC915C9D3}.Debug|x64.ActiveCfg = Debug|Any CPU
		{4B6C738D-955A-4A28-BCE7-282CC915C9D3}.Debug|x64.Build.0 = Debug|Any CPU
		{4B6C738D-955A-4A28-BCE7-282CC915C9D3}.Debug|x86.ActiveCfg = Debug|Any CPU
		{4B6C738D-955A-4A28-BCE7-282CC915C9D3}.Debug|x86.Build.0 = Debug|Any CPU
		{4B6C738D-955A-4A28-BCE7-282CC915C9D3}.Release|Any CPU.ActiveCfg = Release|Any CPU
		{4B6C738D-955A-4A28-BCE7-282CC915C9D3}.Release|Any CPU.Build.0 = Release|Any CPU
		{4B6C738D-955A-4A28-BCE7-282CC915C9D3}.Release|x64.ActiveCfg = Release|Any CPU
		{4B6C738D-955A-4A28-BCE7-282CC915C9D3}.Release|x64.Build.0 = Release|Any CPU
		{4B6C738D-955A-4A28-BCE7-282CC915C9D3}.Release|x86.ActiveCfg = Release|Any CPU
		{4B6C738D-955A-4A28-BCE7-282CC915C9D3}.Release|x86.Build.0 = Release|Any CPU
		{2D0BB508-37C9-41D0-831E-90F730EB111B}.Debug|Any CPU.ActiveCfg = Debug|Any CPU
		{2D0BB508-37C9-41D0-831E-90F730EB111B}.Debug|Any CPU.Build.0 = Debug|Any CPU
		{2D0BB508-37C9-41D0-831E-90F730EB111B}.Debug|x64.ActiveCfg = Debug|Any CPU
		{2D0BB508-37C9-41D0-831E-90F730EB111B}.Debug|x64.Build.0 = Debug|Any CPU
		{2D0BB508-37C9-41D0-831E-90F730EB111B}.Debug|x86.ActiveCfg = Debug|Any CPU
		{2D0BB508-37C9-41D0-831E-90F730EB111B}.Debug|x86.Build.0 = Debug|Any CPU
		{2D0BB508-37C9-41D0-831E-90F730EB111B}.Release|Any CPU.ActiveCfg = Release|Any CPU
		{2D0BB508-37C9-41D0-831E-90F730EB111B}.Release|Any CPU.Build.0 = Release|Any CPU
		{2D0BB508-37C9-41D0-831E-90F730EB111B}.Release|x64.ActiveCfg = Release|Any CPU
		{2D0BB508-37C9-41D0-831E-90F730EB111B}.Release|x64.Build.0 = Release|Any CPU
		{2D0BB508-37C9-41D0-831E-90F730EB111B}.Release|x86.ActiveCfg = Release|Any CPU
		{2D0BB508-37C9-41D0-831E-90F730EB111B}.Release|x86.Build.0 = Release|Any CPU
	EndGlobalSection
	GlobalSection(SolutionProperties) = preSolution
		HideSolutionNode = FALSE
	EndGlobalSection
	GlobalSection(NestedProjects) = preSolution
		{E8CDC656-3837-4DCF-9604-47232D8DAB44} = {827E0CD3-B72D-47B6-A68D-7590B98EB39B}
		{58C2C9C4-2780-484E-BCE2-3CBD464DE463} = {827E0CD3-B72D-47B6-A68D-7590B98EB39B}
		{7D226EFE-C30D-4A08-94AF-24D873428A31} = {827E0CD3-B72D-47B6-A68D-7590B98EB39B}
		{6C6A46E4-EAAA-4D6E-AD28-5E9EE6BD8C1B} = {827E0CD3-B72D-47B6-A68D-7590B98EB39B}
		{4B6C738D-955A-4A28-BCE7-282CC915C9D3} = {827E0CD3-B72D-47B6-A68D-7590B98EB39B}
		{2D0BB508-37C9-41D0-831E-90F730EB111B} = {827E0CD3-B72D-47B6-A68D-7590B98EB39B}
		{22044C46-32BA-4935-819E-5B61D709111A} = {0AB3BF05-4346-4AA6-1389-037BE0695223}
	EndGlobalSection
EndGlobal
